// !$*UTF8*$!
{
	archiveVersion = 1;
	classes = {
	};
	objectVersion = 77;
	objects = {

/* Begin PBXBuildFile section */
		19F93B142D3D9740009CB6B0 /* AppDelegate.swift in Sources */ = {isa = PBXBuildFile; fileRef = 19F93B132D3D9740009CB6B0 /* AppDelegate.swift */; };
		19F93B162D3D9740009CB6B0 /* SceneDelegate.swift in Sources */ = {isa = PBXBuildFile; fileRef = 19F93B152D3D9740009CB6B0 /* SceneDelegate.swift */; };
		19F93B192D3D9740009CB6B0 /* LaunchScreen.storyboard in Resources */ = {isa = PBXBuildFile; fileRef = 19F93B172D3D9740009CB6B0 /* LaunchScreen.storyboard */; };
		19F93B1C2D3D9740009CB6B0 /* Main.storyboard in Resources */ = {isa = PBXBuildFile; fileRef = 19F93B1A2D3D9740009CB6B0 /* Main.storyboard */; };
		19F93B252D3D9740009CB6B0 /* AppDelegate.swift in Sources */ = {isa = PBXBuildFile; fileRef = 19F93B242D3D9740009CB6B0 /* AppDelegate.swift */; };
		19F93B282D3D9740009CB6B0 /* Main.storyboard in Resources */ = {isa = PBXBuildFile; fileRef = 19F93B262D3D9740009CB6B0 /* Main.storyboard */; };
		19F93B302D3D9740009CB6B0 /* Quick JIRA Extension.appex in Embed Foundation Extensions */ = {isa = PBXBuildFile; fileRef = 19F93B2F2D3D9740009CB6B0 /* Quick JIRA Extension.appex */; settings = {ATTRIBUTES = (RemoveHeadersOnCopy, ); }; };
		19F93B3A2D3D9740009CB6B0 /* Quick JIRA Extension.appex in Embed Foundation Extensions */ = {isa = PBXBuildFile; fileRef = 19F93B392D3D9740009CB6B0 /* Quick JIRA Extension.appex */; settings = {ATTRIBUTES = (RemoveHeadersOnCopy, ); }; };
		19F93B402D3D9740009CB6B0 /* Main.html in Resources */ = {isa = PBXBuildFile; fileRef = 19F93B032D3D973D009CB6B0 /* Main.html */; };
		19F93B412D3D9740009CB6B0 /* Main.html in Resources */ = {isa = PBXBuildFile; fileRef = 19F93B032D3D973D009CB6B0 /* Main.html */; };
		19F93B422D3D9740009CB6B0 /* Icon.png in Resources */ = {isa = PBXBuildFile; fileRef = 19F93B052D3D973D009CB6B0 /* Icon.png */; };
		19F93B432D3D9740009CB6B0 /* Icon.png in Resources */ = {isa = PBXBuildFile; fileRef = 19F93B052D3D973D009CB6B0 /* Icon.png */; };
		19F93B442D3D9740009CB6B0 /* Style.css in Resources */ = {isa = PBXBuildFile; fileRef = 19F93B062D3D973D009CB6B0 /* Style.css */; };
		19F93B452D3D9740009CB6B0 /* Style.css in Resources */ = {isa = PBXBuildFile; fileRef = 19F93B062D3D973D009CB6B0 /* Style.css */; };
		19F93B462D3D9740009CB6B0 /* Script.js in Resources */ = {isa = PBXBuildFile; fileRef = 19F93B072D3D973D009CB6B0 /* Script.js */; };
		19F93B472D3D9740009CB6B0 /* Script.js in Resources */ = {isa = PBXBuildFile; fileRef = 19F93B072D3D973D009CB6B0 /* Script.js */; };
		19F93B482D3D9740009CB6B0 /* ViewController.swift in Sources */ = {isa = PBXBuildFile; fileRef = 19F93B082D3D973D009CB6B0 /* ViewController.swift */; };
		19F93B492D3D9740009CB6B0 /* ViewController.swift in Sources */ = {isa = PBXBuildFile; fileRef = 19F93B082D3D973D009CB6B0 /* ViewController.swift */; };
		19F93B4A2D3D9740009CB6B0 /* Assets.xcassets in Resources */ = {isa = PBXBuildFile; fileRef = 19F93B092D3D973F009CB6B0 /* Assets.xcassets */; };
		19F93B4B2D3D9740009CB6B0 /* Assets.xcassets in Resources */ = {isa = PBXBuildFile; fileRef = 19F93B092D3D973F009CB6B0 /* Assets.xcassets */; };
		19F93B4C2D3D9740009CB6B0 /* SafariWebExtensionHandler.swift in Sources */ = {isa = PBXBuildFile; fileRef = 19F93B0B2D3D973F009CB6B0 /* SafariWebExtensionHandler.swift */; };
		19F93B4D2D3D9740009CB6B0 /* SafariWebExtensionHandler.swift in Sources */ = {isa = PBXBuildFile; fileRef = 19F93B0B2D3D973F009CB6B0 /* SafariWebExtensionHandler.swift */; };
		19F93B652D3D9740009CB6B0 /* css in Resources */ = {isa = PBXBuildFile; fileRef = 19F93B5F2D3D9740009CB6B0 /* css */; };
		19F93B662D3D9740009CB6B0 /* images in Resources */ = {isa = PBXBuildFile; fileRef = 19F93B602D3D9740009CB6B0 /* images */; };
		19F93B672D3D9740009CB6B0 /* js in Resources */ = {isa = PBXBuildFile; fileRef = 19F93B612D3D9740009CB6B0 /* js */; };
		19F93B682D3D9740009CB6B0 /* html in Resources */ = {isa = PBXBuildFile; fileRef = 19F93B622D3D9740009CB6B0 /* html */; };
		19F93B692D3D9740009CB6B0 /* manifest.json in Resources */ = {isa = PBXBuildFile; fileRef = 19F93B632D3D9740009CB6B0 /* manifest.json */; };
		19F93B6A2D3D9740009CB6B0 /* _locales in Resources */ = {isa = PBXBuildFile; fileRef = 19F93B642D3D9740009CB6B0 /* _locales */; };
		19F93B6B2D3D9740009CB6B0 /* css in Resources */ = {isa = PBXBuildFile; fileRef = 19F93B5F2D3D9740009CB6B0 /* css */; };
		19F93B6C2D3D9740009CB6B0 /* images in Resources */ = {isa = PBXBuildFile; fileRef = 19F93B602D3D9740009CB6B0 /* images */; };
		19F93B6D2D3D9740009CB6B0 /* js in Resources */ = {isa = PBXBuildFile; fileRef = 19F93B612D3D9740009CB6B0 /* js */; };
		19F93B6E2D3D9740009CB6B0 /* html in Resources */ = {isa = PBXBuildFile; fileRef = 19F93B622D3D9740009CB6B0 /* html */; };
		19F93B6F2D3D9740009CB6B0 /* manifest.json in Resources */ = {isa = PBXBuildFile; fileRef = 19F93B632D3D9740009CB6B0 /* manifest.json */; };
		19F93B702D3D9740009CB6B0 /* _locales in Resources */ = {isa = PBXBuildFile; fileRef = 19F93B642D3D9740009CB6B0 /* _locales */; };
/* End PBXBuildFile section */

/* Begin PBXContainerItemProxy section */
		19F93B312D3D9740009CB6B0 /* PBXContainerItemProxy */ = {
			isa = PBXContainerItemProxy;
			containerPortal = 19F93AFD2D3D973D009CB6B0 /* Project object */;
			proxyType = 1;
			remoteGlobalIDString = 19F93B2E2D3D9740009CB6B0;
			remoteInfo = "Quick JIRA Extension (iOS)";
		};
		19F93B3B2D3D9740009CB6B0 /* PBXContainerItemProxy */ = {
			isa = PBXContainerItemProxy;
			containerPortal = 19F93AFD2D3D973D009CB6B0 /* Project object */;
			proxyType = 1;
			remoteGlobalIDString = 19F93B382D3D9740009CB6B0;
			remoteInfo = "Quick JIRA Extension (macOS)";
		};
/* End PBXContainerItemProxy section */

/* Begin PBXCopyFilesBuildPhase section */
		19F93B532D3D9740009CB6B0 /* Embed Foundation Extensions */ = {
			isa = PBXCopyFilesBuildPhase;
			buildActionMask = 2147483647;
			dstPath = "";
			dstSubfolderSpec = 13;
			files = (
				19F93B302D3D9740009CB6B0 /* Quick JIRA Extension.appex in Embed Foundation Extensions */,
			);
			name = "Embed Foundation Extensions";
			runOnlyForDeploymentPostprocessing = 0;
		};
		19F93B5A2D3D9740009CB6B0 /* Embed Foundation Extensions */ = {
			isa = PBXCopyFilesBuildPhase;
			buildActionMask = 2147483647;
			dstPath = "";
			dstSubfolderSpec = 13;
			files = (
				19F93B3A2D3D9740009CB6B0 /* Quick JIRA Extension.appex in Embed Foundation Extensions */,
			);
			name = "Embed Foundation Extensions";
			runOnlyForDeploymentPostprocessing = 0;
		};
/* End PBXCopyFilesBuildPhase section */

/* Begin PBXFileReference section */
		19F93B042D3D973D009CB6B0 /* Base */ = {isa = PBXFileReference; lastKnownFileType = text.html; name = Base; path = Base.lproj/Main.html; sourceTree = "<group>"; };
		19F93B052D3D973D009CB6B0 /* Icon.png */ = {isa = PBXFileReference; lastKnownFileType = image.png; path = Icon.png; sourceTree = "<group>"; };
		19F93B062D3D973D009CB6B0 /* Style.css */ = {isa = PBXFileReference; lastKnownFileType = text.css; path = Style.css; sourceTree = "<group>"; };
		19F93B072D3D973D009CB6B0 /* Script.js */ = {isa = PBXFileReference; lastKnownFileType = sourcecode.javascript; path = Script.js; sourceTree = "<group>"; };
		19F93B082D3D973D009CB6B0 /* ViewController.swift */ = {isa = PBXFileReference; lastKnownFileType = sourcecode.swift; path = ViewController.swift; sourceTree = "<group>"; };
		19F93B092D3D973F009CB6B0 /* Assets.xcassets */ = {isa = PBXFileReference; lastKnownFileType = folder.assetcatalog; path = Assets.xcassets; sourceTree = "<group>"; };
		19F93B0B2D3D973F009CB6B0 /* SafariWebExtensionHandler.swift */ = {isa = PBXFileReference; lastKnownFileType = sourcecode.swift; path = SafariWebExtensionHandler.swift; sourceTree = "<group>"; };
		19F93B102D3D9740009CB6B0 /* Quick JIRA.app */ = {isa = PBXFileReference; explicitFileType = wrapper.application; includeInIndex = 0; path = "Quick JIRA.app"; sourceTree = BUILT_PRODUCTS_DIR; };
		19F93B132D3D9740009CB6B0 /* AppDelegate.swift */ = {isa = PBXFileReference; lastKnownFileType = sourcecode.swift; path = AppDelegate.swift; sourceTree = "<group>"; };
		19F93B152D3D9740009CB6B0 /* SceneDelegate.swift */ = {isa = PBXFileReference; lastKnownFileType = sourcecode.swift; path = SceneDelegate.swift; sourceTree = "<group>"; };
		19F93B182D3D9740009CB6B0 /* Base */ = {isa = PBXFileReference; lastKnownFileType = file.storyboard; name = Base; path = Base.lproj/LaunchScreen.storyboard; sourceTree = "<group>"; };
		19F93B1B2D3D9740009CB6B0 /* Base */ = {isa = PBXFileReference; lastKnownFileType = file.storyboard; name = Base; path = Base.lproj/Main.storyboard; sourceTree = "<group>"; };
		19F93B1D2D3D9740009CB6B0 /* Info.plist */ = {isa = PBXFileReference; lastKnownFileType = text.plist.xml; path = Info.plist; sourceTree = "<group>"; };
		19F93B222D3D9740009CB6B0 /* Quick JIRA.app */ = {isa = PBXFileReference; explicitFileType = wrapper.application; includeInIndex = 0; path = "Quick JIRA.app"; sourceTree = BUILT_PRODUCTS_DIR; };
		19F93B242D3D9740009CB6B0 /* AppDelegate.swift */ = {isa = PBXFileReference; lastKnownFileType = sourcecode.swift; path = AppDelegate.swift; sourceTree = "<group>"; };
		19F93B272D3D9740009CB6B0 /* Base */ = {isa = PBXFileReference; lastKnownFileType = file.storyboard; name = Base; path = Base.lproj/Main.storyboard; sourceTree = "<group>"; };
		19F93B292D3D9740009CB6B0 /* Info.plist */ = {isa = PBXFileReference; lastKnownFileType = text.plist.xml; path = Info.plist; sourceTree = "<group>"; };
		19F93B2A2D3D9740009CB6B0 /* Quick JIRA.entitlements */ = {isa = PBXFileReference; lastKnownFileType = text.plist.entitlements; path = "Quick JIRA.entitlements"; sourceTree = "<group>"; };
		19F93B2F2D3D9740009CB6B0 /* Quick JIRA Extension.appex */ = {isa = PBXFileReference; explicitFileType = "wrapper.app-extension"; includeInIndex = 0; path = "Quick JIRA Extension.appex"; sourceTree = BUILT_PRODUCTS_DIR; };
		19F93B342D3D9740009CB6B0 /* Info.plist */ = {isa = PBXFileReference; lastKnownFileType = text.plist.xml; path = Info.plist; sourceTree = "<group>"; };
		19F93B392D3D9740009CB6B0 /* Quick JIRA Extension.appex */ = {isa = PBXFileReference; explicitFileType = "wrapper.app-extension"; includeInIndex = 0; path = "Quick JIRA Extension.appex"; sourceTree = BUILT_PRODUCTS_DIR; };
		19F93B3E2D3D9740009CB6B0 /* Info.plist */ = {isa = PBXFileReference; lastKnownFileType = text.plist.xml; path = Info.plist; sourceTree = "<group>"; };
		19F93B3F2D3D9740009CB6B0 /* Quick JIRA.entitlements */ = {isa = PBXFileReference; lastKnownFileType = text.plist.entitlements; path = "Quick JIRA.entitlements"; sourceTree = "<group>"; };
		19F93B5F2D3D9740009CB6B0 /* css */ = {isa = PBXFileReference; lastKnownFileType = folder; name = css; path = ../../dist/css; sourceTree = "<group>"; };
		19F93B602D3D9740009CB6B0 /* images */ = {isa = PBXFileReference; lastKnownFileType = folder; name = images; path = ../../dist/images; sourceTree = "<group>"; };
		19F93B612D3D9740009CB6B0 /* js */ = {isa = PBXFileReference; lastKnownFileType = folder; name = js; path = ../../dist/js; sourceTree = "<group>"; };
		19F93B622D3D9740009CB6B0 /* html */ = {isa = PBXFileReference; lastKnownFileType = folder; name = html; path = ../../dist/html; sourceTree = "<group>"; };
		19F93B632D3D9740009CB6B0 /* manifest.json */ = {isa = PBXFileReference; lastKnownFileType = text.json; name = manifest.json; path = ../../dist/manifest.json; sourceTree = "<group>"; };
		19F93B642D3D9740009CB6B0 /* _locales */ = {isa = PBXFileReference; lastKnownFileType = folder; name = _locales; path = ../../dist/_locales; sourceTree = "<group>"; };
/* End PBXFileReference section */

/* Begin PBXFrameworksBuildPhase section */
		19F93B0D2D3D973F009CB6B0 /* Frameworks */ = {
			isa = PBXFrameworksBuildPhase;
			buildActionMask = 2147483647;
			files = (
			);
			runOnlyForDeploymentPostprocessing = 0;
		};
		19F93B1F2D3D9740009CB6B0 /* Frameworks */ = {
			isa = PBXFrameworksBuildPhase;
			buildActionMask = 2147483647;
			files = (
			);
			runOnlyForDeploymentPostprocessing = 0;
		};
		19F93B2C2D3D9740009CB6B0 /* Frameworks */ = {
			isa = PBXFrameworksBuildPhase;
			buildActionMask = 2147483647;
			files = (
			);
			runOnlyForDeploymentPostprocessing = 0;
		};
		19F93B362D3D9740009CB6B0 /* Frameworks */ = {
			isa = PBXFrameworksBuildPhase;
			buildActionMask = 2147483647;
			files = (
			);
			runOnlyForDeploymentPostprocessing = 0;
		};
/* End PBXFrameworksBuildPhase section */

/* Begin PBXGroup section */
		19F93AFC2D3D973D009CB6B0 = {
			isa = PBXGroup;
			children = (
				19F93B012D3D973D009CB6B0 /* Shared (App) */,
				19F93B0A2D3D973F009CB6B0 /* Shared (Extension) */,
				19F93B122D3D9740009CB6B0 /* iOS (App) */,
				19F93B232D3D9740009CB6B0 /* macOS (App) */,
				19F93B332D3D9740009CB6B0 /* iOS (Extension) */,
				19F93B3D2D3D9740009CB6B0 /* macOS (Extension) */,
				19F93B112D3D9740009CB6B0 /* Products */,
			);
			sourceTree = "<group>";
		};
		19F93B012D3D973D009CB6B0 /* Shared (App) */ = {
			isa = PBXGroup;
			children = (
				19F93B082D3D973D009CB6B0 /* ViewController.swift */,
				19F93B092D3D973F009CB6B0 /* Assets.xcassets */,
				19F93B022D3D973D009CB6B0 /* Resources */,
			);
			path = "Shared (App)";
			sourceTree = "<group>";
		};
		19F93B022D3D973D009CB6B0 /* Resources */ = {
			isa = PBXGroup;
			children = (
				19F93B032D3D973D009CB6B0 /* Main.html */,
				19F93B052D3D973D009CB6B0 /* Icon.png */,
				19F93B062D3D973D009CB6B0 /* Style.css */,
				19F93B072D3D973D009CB6B0 /* Script.js */,
			);
			path = Resources;
			sourceTree = "<group>";
		};
		19F93B0A2D3D973F009CB6B0 /* Shared (Extension) */ = {
			isa = PBXGroup;
			children = (
				19F93B5E2D3D9740009CB6B0 /* Resources */,
				19F93B0B2D3D973F009CB6B0 /* SafariWebExtensionHandler.swift */,
			);
			path = "Shared (Extension)";
			sourceTree = "<group>";
		};
		19F93B112D3D9740009CB6B0 /* Products */ = {
			isa = PBXGroup;
			children = (
				19F93B102D3D9740009CB6B0 /* Quick JIRA.app */,
				19F93B222D3D9740009CB6B0 /* Quick JIRA.app */,
				19F93B2F2D3D9740009CB6B0 /* Quick JIRA Extension.appex */,
				19F93B392D3D9740009CB6B0 /* Quick JIRA Extension.appex */,
			);
			name = Products;
			sourceTree = "<group>";
		};
		19F93B122D3D9740009CB6B0 /* iOS (App) */ = {
			isa = PBXGroup;
			children = (
				19F93B132D3D9740009CB6B0 /* AppDelegate.swift */,
				19F93B152D3D9740009CB6B0 /* SceneDelegate.swift */,
				19F93B172D3D9740009CB6B0 /* LaunchScreen.storyboard */,
				19F93B1A2D3D9740009CB6B0 /* Main.storyboard */,
				19F93B1D2D3D9740009CB6B0 /* Info.plist */,
			);
			path = "iOS (App)";
			sourceTree = "<group>";
		};
		19F93B232D3D9740009CB6B0 /* macOS (App) */ = {
			isa = PBXGroup;
			children = (
				19F93B242D3D9740009CB6B0 /* AppDelegate.swift */,
				19F93B262D3D9740009CB6B0 /* Main.storyboard */,
				19F93B292D3D9740009CB6B0 /* Info.plist */,
				19F93B2A2D3D9740009CB6B0 /* Quick JIRA.entitlements */,
			);
			path = "macOS (App)";
			sourceTree = "<group>";
		};
		19F93B332D3D9740009CB6B0 /* iOS (Extension) */ = {
			isa = PBXGroup;
			children = (
				19F93B342D3D9740009CB6B0 /* Info.plist */,
			);
			path = "iOS (Extension)";
			sourceTree = "<group>";
		};
		19F93B3D2D3D9740009CB6B0 /* macOS (Extension) */ = {
			isa = PBXGroup;
			children = (
				19F93B3E2D3D9740009CB6B0 /* Info.plist */,
				19F93B3F2D3D9740009CB6B0 /* Quick JIRA.entitlements */,
			);
			path = "macOS (Extension)";
			sourceTree = "<group>";
		};
		19F93B5E2D3D9740009CB6B0 /* Resources */ = {
			isa = PBXGroup;
			children = (
				19F93B5F2D3D9740009CB6B0 /* css */,
				19F93B602D3D9740009CB6B0 /* images */,
				19F93B612D3D9740009CB6B0 /* js */,
				19F93B622D3D9740009CB6B0 /* html */,
				19F93B632D3D9740009CB6B0 /* manifest.json */,
				19F93B642D3D9740009CB6B0 /* _locales */,
			);
			name = Resources;
			path = "Shared (Extension)";
			sourceTree = SOURCE_ROOT;
		};
/* End PBXGroup section */

/* Begin PBXNativeTarget section */
		19F93B0F2D3D973F009CB6B0 /* Quick JIRA (iOS) */ = {
			isa = PBXNativeTarget;
			buildConfigurationList = 19F93B542D3D9740009CB6B0 /* Build configuration list for PBXNativeTarget "Quick JIRA (iOS)" */;
			buildPhases = (
				19F93B0C2D3D973F009CB6B0 /* Sources */,
				19F93B0D2D3D973F009CB6B0 /* Frameworks */,
				19F93B0E2D3D973F009CB6B0 /* Resources */,
				19F93B532D3D9740009CB6B0 /* Embed Foundation Extensions */,
			);
			buildRules = (
			);
			dependencies = (
				19F93B322D3D9740009CB6B0 /* PBXTargetDependency */,
			);
			name = "Quick JIRA (iOS)";
			packageProductDependencies = (
			);
			productName = "Quick JIRA (iOS)";
			productReference = 19F93B102D3D9740009CB6B0 /* Quick JIRA.app */;
			productType = "com.apple.product-type.application";
		};
		19F93B212D3D9740009CB6B0 /* Quick JIRA (macOS) */ = {
			isa = PBXNativeTarget;
			buildConfigurationList = 19F93B5B2D3D9740009CB6B0 /* Build configuration list for PBXNativeTarget "Quick JIRA (macOS)" */;
			buildPhases = (
				19F93B1E2D3D9740009CB6B0 /* Sources */,
				19F93B1F2D3D9740009CB6B0 /* Frameworks */,
				19F93B202D3D9740009CB6B0 /* Resources */,
				19F93B5A2D3D9740009CB6B0 /* Embed Foundation Extensions */,
			);
			buildRules = (
			);
			dependencies = (
				19F93B3C2D3D9740009CB6B0 /* PBXTargetDependency */,
			);
			name = "Quick JIRA (macOS)";
			packageProductDependencies = (
			);
			productName = "Quick JIRA (macOS)";
			productReference = 19F93B222D3D9740009CB6B0 /* Quick JIRA.app */;
			productType = "com.apple.product-type.application";
		};
		19F93B2E2D3D9740009CB6B0 /* Quick JIRA Extension (iOS) */ = {
			isa = PBXNativeTarget;
			buildConfigurationList = 19F93B502D3D9740009CB6B0 /* Build configuration list for PBXNativeTarget "Quick JIRA Extension (iOS)" */;
			buildPhases = (
				19F93B2B2D3D9740009CB6B0 /* Sources */,
				19F93B2C2D3D9740009CB6B0 /* Frameworks */,
				19F93B2D2D3D9740009CB6B0 /* Resources */,
			);
			buildRules = (
			);
			dependencies = (
			);
			name = "Quick JIRA Extension (iOS)";
			packageProductDependencies = (
			);
			productName = "Quick JIRA Extension (iOS)";
			productReference = 19F93B2F2D3D9740009CB6B0 /* Quick JIRA Extension.appex */;
			productType = "com.apple.product-type.app-extension";
		};
		19F93B382D3D9740009CB6B0 /* Quick JIRA Extension (macOS) */ = {
			isa = PBXNativeTarget;
			buildConfigurationList = 19F93B572D3D9740009CB6B0 /* Build configuration list for PBXNativeTarget "Quick JIRA Extension (macOS)" */;
			buildPhases = (
				19F93B352D3D9740009CB6B0 /* Sources */,
				19F93B362D3D9740009CB6B0 /* Frameworks */,
				19F93B372D3D9740009CB6B0 /* Resources */,
			);
			buildRules = (
			);
			dependencies = (
			);
			name = "Quick JIRA Extension (macOS)";
			packageProductDependencies = (
			);
			productName = "Quick JIRA Extension (macOS)";
			productReference = 19F93B392D3D9740009CB6B0 /* Quick JIRA Extension.appex */;
			productType = "com.apple.product-type.app-extension";
		};
/* End PBXNativeTarget section */

/* Begin PBXProject section */
		19F93AFD2D3D973D009CB6B0 /* Project object */ = {
			isa = PBXProject;
			attributes = {
				BuildIndependentTargetsInParallel = 1;
				LastSwiftUpdateCheck = 1620;
				LastUpgradeCheck = 1620;
				TargetAttributes = {
					19F93B0F2D3D973F009CB6B0 = {
						CreatedOnToolsVersion = 16.2;
					};
					19F93B212D3D9740009CB6B0 = {
						CreatedOnToolsVersion = 16.2;
					};
					19F93B2E2D3D9740009CB6B0 = {
						CreatedOnToolsVersion = 16.2;
					};
					19F93B382D3D9740009CB6B0 = {
						CreatedOnToolsVersion = 16.2;
					};
				};
			};
			buildConfigurationList = 19F93B002D3D973D009CB6B0 /* Build configuration list for PBXProject "Quick JIRA" */;
			developmentRegion = en;
			hasScannedForEncodings = 0;
			knownRegions = (
				en,
				Base,
			);
			mainGroup = 19F93AFC2D3D973D009CB6B0;
			minimizedProjectReferenceProxies = 1;
			preferredProjectObjectVersion = 77;
			productRefGroup = 19F93B112D3D9740009CB6B0 /* Products */;
			projectDirPath = "";
			projectRoot = "";
			targets = (
				19F93B0F2D3D973F009CB6B0 /* Quick JIRA (iOS) */,
				19F93B212D3D9740009CB6B0 /* Quick JIRA (macOS) */,
				19F93B2E2D3D9740009CB6B0 /* Quick JIRA Extension (iOS) */,
				19F93B382D3D9740009CB6B0 /* Quick JIRA Extension (macOS) */,
			);
		};
/* End PBXProject section */

/* Begin PBXResourcesBuildPhase section */
		19F93B0E2D3D973F009CB6B0 /* Resources */ = {
			isa = PBXResourcesBuildPhase;
			buildActionMask = 2147483647;
			files = (
				19F93B422D3D9740009CB6B0 /* Icon.png in Resources */,
				19F93B192D3D9740009CB6B0 /* LaunchScreen.storyboard in Resources */,
				19F93B402D3D9740009CB6B0 /* Main.html in Resources */,
				19F93B462D3D9740009CB6B0 /* Script.js in Resources */,
				19F93B4A2D3D9740009CB6B0 /* Assets.xcassets in Resources */,
				19F93B1C2D3D9740009CB6B0 /* Main.storyboard in Resources */,
				19F93B442D3D9740009CB6B0 /* Style.css in Resources */,
			);
			runOnlyForDeploymentPostprocessing = 0;
		};
		19F93B202D3D9740009CB6B0 /* Resources */ = {
			isa = PBXResourcesBuildPhase;
			buildActionMask = 2147483647;
			files = (
				19F93B432D3D9740009CB6B0 /* Icon.png in Resources */,
				19F93B452D3D9740009CB6B0 /* Style.css in Resources */,
				19F93B282D3D9740009CB6B0 /* Main.storyboard in Resources */,
				19F93B472D3D9740009CB6B0 /* Script.js in Resources */,
				19F93B4B2D3D9740009CB6B0 /* Assets.xcassets in Resources */,
				19F93B412D3D9740009CB6B0 /* Main.html in Resources */,
			);
			runOnlyForDeploymentPostprocessing = 0;
		};
		19F93B2D2D3D9740009CB6B0 /* Resources */ = {
			isa = PBXResourcesBuildPhase;
			buildActionMask = 2147483647;
			files = (
				19F93B702D3D9740009CB6B0 /* _locales in Resources */,
				19F93B6C2D3D9740009CB6B0 /* images in Resources */,
				19F93B6E2D3D9740009CB6B0 /* html in Resources */,
				19F93B6F2D3D9740009CB6B0 /* manifest.json in Resources */,
				19F93B6D2D3D9740009CB6B0 /* js in Resources */,
				19F93B6B2D3D9740009CB6B0 /* css in Resources */,
			);
			runOnlyForDeploymentPostprocessing = 0;
		};
		19F93B372D3D9740009CB6B0 /* Resources */ = {
			isa = PBXResourcesBuildPhase;
			buildActionMask = 2147483647;
			files = (
				19F93B6A2D3D9740009CB6B0 /* _locales in Resources */,
				19F93B662D3D9740009CB6B0 /* images in Resources */,
				19F93B682D3D9740009CB6B0 /* html in Resources */,
				19F93B692D3D9740009CB6B0 /* manifest.json in Resources */,
				19F93B672D3D9740009CB6B0 /* js in Resources */,
				19F93B652D3D9740009CB6B0 /* css in Resources */,
			);
			runOnlyForDeploymentPostprocessing = 0;
		};
/* End PBXResourcesBuildPhase section */

/* Begin PBXSourcesBuildPhase section */
		19F93B0C2D3D973F009CB6B0 /* Sources */ = {
			isa = PBXSourcesBuildPhase;
			buildActionMask = 2147483647;
			files = (
				19F93B482D3D9740009CB6B0 /* ViewController.swift in Sources */,
				19F93B142D3D9740009CB6B0 /* AppDelegate.swift in Sources */,
				19F93B162D3D9740009CB6B0 /* SceneDelegate.swift in Sources */,
			);
			runOnlyForDeploymentPostprocessing = 0;
		};
		19F93B1E2D3D9740009CB6B0 /* Sources */ = {
			isa = PBXSourcesBuildPhase;
			buildActionMask = 2147483647;
			files = (
				19F93B492D3D9740009CB6B0 /* ViewController.swift in Sources */,
				19F93B252D3D9740009CB6B0 /* AppDelegate.swift in Sources */,
			);
			runOnlyForDeploymentPostprocessing = 0;
		};
		19F93B2B2D3D9740009CB6B0 /* Sources */ = {
			isa = PBXSourcesBuildPhase;
			buildActionMask = 2147483647;
			files = (
				19F93B4C2D3D9740009CB6B0 /* SafariWebExtensionHandler.swift in Sources */,
			);
			runOnlyForDeploymentPostprocessing = 0;
		};
		19F93B352D3D9740009CB6B0 /* Sources */ = {
			isa = PBXSourcesBuildPhase;
			buildActionMask = 2147483647;
			files = (
				19F93B4D2D3D9740009CB6B0 /* SafariWebExtensionHandler.swift in Sources */,
			);
			runOnlyForDeploymentPostprocessing = 0;
		};
/* End PBXSourcesBuildPhase section */

/* Begin PBXTargetDependency section */
		19F93B322D3D9740009CB6B0 /* PBXTargetDependency */ = {
			isa = PBXTargetDependency;
			target = 19F93B2E2D3D9740009CB6B0 /* Quick JIRA Extension (iOS) */;
			targetProxy = 19F93B312D3D9740009CB6B0 /* PBXContainerItemProxy */;
		};
		19F93B3C2D3D9740009CB6B0 /* PBXTargetDependency */ = {
			isa = PBXTargetDependency;
			target = 19F93B382D3D9740009CB6B0 /* Quick JIRA Extension (macOS) */;
			targetProxy = 19F93B3B2D3D9740009CB6B0 /* PBXContainerItemProxy */;
		};
/* End PBXTargetDependency section */

/* Begin PBXVariantGroup section */
		19F93B032D3D973D009CB6B0 /* Main.html */ = {
			isa = PBXVariantGroup;
			children = (
				19F93B042D3D973D009CB6B0 /* Base */,
			);
			name = Main.html;
			sourceTree = "<group>";
		};
		19F93B172D3D9740009CB6B0 /* LaunchScreen.storyboard */ = {
			isa = PBXVariantGroup;
			children = (
				19F93B182D3D9740009CB6B0 /* Base */,
			);
			name = LaunchScreen.storyboard;
			sourceTree = "<group>";
		};
		19F93B1A2D3D9740009CB6B0 /* Main.storyboard */ = {
			isa = PBXVariantGroup;
			children = (
				19F93B1B2D3D9740009CB6B0 /* Base */,
			);
			name = Main.storyboard;
			sourceTree = "<group>";
		};
		19F93B262D3D9740009CB6B0 /* Main.storyboard */ = {
			isa = PBXVariantGroup;
			children = (
				19F93B272D3D9740009CB6B0 /* Base */,
			);
			name = Main.storyboard;
			sourceTree = "<group>";
		};
/* End PBXVariantGroup section */

/* Begin XCBuildConfiguration section */
		19F93B4E2D3D9740009CB6B0 /* Debug */ = {
			isa = XCBuildConfiguration;
			buildSettings = {
				ALWAYS_SEARCH_USER_PATHS = NO;
				ASSETCATALOG_COMPILER_GENERATE_SWIFT_ASSET_SYMBOL_EXTENSIONS = YES;
				CLANG_ANALYZER_NONNULL = YES;
				CLANG_ANALYZER_NUMBER_OBJECT_CONVERSION = YES_AGGRESSIVE;
				CLANG_CXX_LANGUAGE_STANDARD = "gnu++20";
				CLANG_ENABLE_MODULES = YES;
				CLANG_ENABLE_OBJC_ARC = YES;
				CLANG_ENABLE_OBJC_WEAK = YES;
				CLANG_WARN_BLOCK_CAPTURE_AUTORELEASING = YES;
				CLANG_WARN_BOOL_CONVERSION = YES;
				CLANG_WARN_COMMA = YES;
				CLANG_WARN_CONSTANT_CONVERSION = YES;
				CLANG_WARN_DEPRECATED_OBJC_IMPLEMENTATIONS = YES;
				CLANG_WARN_DIRECT_OBJC_ISA_USAGE = YES_ERROR;
				CLANG_WARN_DOCUMENTATION_COMMENTS = YES;
				CLANG_WARN_EMPTY_BODY = YES;
				CLANG_WARN_ENUM_CONVERSION = YES;
				CLANG_WARN_INFINITE_RECURSION = YES;
				CLANG_WARN_INT_CONVERSION = YES;
				CLANG_WARN_NON_LITERAL_NULL_CONVERSION = YES;
				CLANG_WARN_OBJC_IMPLICIT_RETAIN_SELF = YES;
				CLANG_WARN_OBJC_LITERAL_CONVERSION = YES;
				CLANG_WARN_OBJC_ROOT_CLASS = YES_ERROR;
				CLANG_WARN_QUOTED_INCLUDE_IN_FRAMEWORK_HEADER = YES;
				CLANG_WARN_RANGE_LOOP_ANALYSIS = YES;
				CLANG_WARN_STRICT_PROTOTYPES = YES;
				CLANG_WARN_SUSPICIOUS_MOVE = YES;
				CLANG_WARN_UNGUARDED_AVAILABILITY = YES_AGGRESSIVE;
				CLANG_WARN_UNREACHABLE_CODE = YES;
				CLANG_WARN__DUPLICATE_METHOD_MATCH = YES;
				COPY_PHASE_STRIP = NO;
				DEBUG_INFORMATION_FORMAT = dwarf;
				ENABLE_STRICT_OBJC_MSGSEND = YES;
				ENABLE_TESTABILITY = YES;
				ENABLE_USER_SCRIPT_SANDBOXING = YES;
				GCC_C_LANGUAGE_STANDARD = gnu17;
				GCC_DYNAMIC_NO_PIC = NO;
				GCC_NO_COMMON_BLOCKS = YES;
				GCC_OPTIMIZATION_LEVEL = 0;
				GCC_PREPROCESSOR_DEFINITIONS = (
					"DEBUG=1",
					"$(inherited)",
				);
				GCC_WARN_64_TO_32_BIT_CONVERSION = YES;
				GCC_WARN_ABOUT_RETURN_TYPE = YES_ERROR;
				GCC_WARN_UNDECLARED_SELECTOR = YES;
				GCC_WARN_UNINITIALIZED_AUTOS = YES_AGGRESSIVE;
				GCC_WARN_UNUSED_FUNCTION = YES;
				GCC_WARN_UNUSED_VARIABLE = YES;
				LOCALIZATION_PREFERS_STRING_CATALOGS = YES;
				MTL_ENABLE_DEBUG_INFO = INCLUDE_SOURCE;
				MTL_FAST_MATH = YES;
				ONLY_ACTIVE_ARCH = YES;
				SWIFT_ACTIVE_COMPILATION_CONDITIONS = "DEBUG $(inherited)";
				SWIFT_OPTIMIZATION_LEVEL = "-Onone";
			};
			name = Debug;
		};
		19F93B4F2D3D9740009CB6B0 /* Release */ = {
			isa = XCBuildConfiguration;
			buildSettings = {
				ALWAYS_SEARCH_USER_PATHS = NO;
				ASSETCATALOG_COMPILER_GENERATE_SWIFT_ASSET_SYMBOL_EXTENSIONS = YES;
				CLANG_ANALYZER_NONNULL = YES;
				CLANG_ANALYZER_NUMBER_OBJECT_CONVERSION = YES_AGGRESSIVE;
				CLANG_CXX_LANGUAGE_STANDARD = "gnu++20";
				CLANG_ENABLE_MODULES = YES;
				CLANG_ENABLE_OBJC_ARC = YES;
				CLANG_ENABLE_OBJC_WEAK = YES;
				CLANG_WARN_BLOCK_CAPTURE_AUTORELEASING = YES;
				CLANG_WARN_BOOL_CONVERSION = YES;
				CLANG_WARN_COMMA = YES;
				CLANG_WARN_CONSTANT_CONVERSION = YES;
				CLANG_WARN_DEPRECATED_OBJC_IMPLEMENTATIONS = YES;
				CLANG_WARN_DIRECT_OBJC_ISA_USAGE = YES_ERROR;
				CLANG_WARN_DOCUMENTATION_COMMENTS = YES;
				CLANG_WARN_EMPTY_BODY = YES;
				CLANG_WARN_ENUM_CONVERSION = YES;
				CLANG_WARN_INFINITE_RECURSION = YES;
				CLANG_WARN_INT_CONVERSION = YES;
				CLANG_WARN_NON_LITERAL_NULL_CONVERSION = YES;
				CLANG_WARN_OBJC_IMPLICIT_RETAIN_SELF = YES;
				CLANG_WARN_OBJC_LITERAL_CONVERSION = YES;
				CLANG_WARN_OBJC_ROOT_CLASS = YES_ERROR;
				CLANG_WARN_QUOTED_INCLUDE_IN_FRAMEWORK_HEADER = YES;
				CLANG_WARN_RANGE_LOOP_ANALYSIS = YES;
				CLANG_WARN_STRICT_PROTOTYPES = YES;
				CLANG_WARN_SUSPICIOUS_MOVE = YES;
				CLANG_WARN_UNGUARDED_AVAILABILITY = YES_AGGRESSIVE;
				CLANG_WARN_UNREACHABLE_CODE = YES;
				CLANG_WARN__DUPLICATE_METHOD_MATCH = YES;
				COPY_PHASE_STRIP = NO;
				DEBUG_INFORMATION_FORMAT = "dwarf-with-dsym";
				ENABLE_NS_ASSERTIONS = NO;
				ENABLE_STRICT_OBJC_MSGSEND = YES;
				ENABLE_USER_SCRIPT_SANDBOXING = YES;
				GCC_C_LANGUAGE_STANDARD = gnu17;
				GCC_NO_COMMON_BLOCKS = YES;
				GCC_WARN_64_TO_32_BIT_CONVERSION = YES;
				GCC_WARN_ABOUT_RETURN_TYPE = YES_ERROR;
				GCC_WARN_UNDECLARED_SELECTOR = YES;
				GCC_WARN_UNINITIALIZED_AUTOS = YES_AGGRESSIVE;
				GCC_WARN_UNUSED_FUNCTION = YES;
				GCC_WARN_UNUSED_VARIABLE = YES;
				LOCALIZATION_PREFERS_STRING_CATALOGS = YES;
				MTL_ENABLE_DEBUG_INFO = NO;
				MTL_FAST_MATH = YES;
				SWIFT_COMPILATION_MODE = wholemodule;
			};
			name = Release;
		};
		19F93B512D3D9740009CB6B0 /* Debug */ = {
			isa = XCBuildConfiguration;
			buildSettings = {
				CODE_SIGN_STYLE = Automatic;
				CURRENT_PROJECT_VERSION = 1;
				DEVELOPMENT_TEAM = JR7SKSGWZH;
				GENERATE_INFOPLIST_FILE = YES;
				INFOPLIST_FILE = "iOS (Extension)/Info.plist";
				INFOPLIST_KEY_CFBundleDisplayName = "Quick JIRA Extension";
				INFOPLIST_KEY_NSHumanReadableCopyright = "";
				IPHONEOS_DEPLOYMENT_TARGET = 15.0;
				LD_RUNPATH_SEARCH_PATHS = (
					"$(inherited)",
					"@executable_path/Frameworks",
					"@executable_path/../../Frameworks",
				);
				MARKETING_VERSION = 1.1.0;
				OTHER_LDFLAGS = (
					"-framework",
					SafariServices,
				);
				PRODUCT_BUNDLE_IDENTIFIER = "de.dustplanet.Quick-JIRA.Extension";
				PRODUCT_NAME = "Quick JIRA Extension";
				SDKROOT = iphoneos;
				SKIP_INSTALL = YES;
				SWIFT_EMIT_LOC_STRINGS = YES;
				SWIFT_VERSION = 5.0;
				TARGETED_DEVICE_FAMILY = "1,2";
			};
			name = Debug;
		};
		19F93B522D3D9740009CB6B0 /* Release */ = {
			isa = XCBuildConfiguration;
			buildSettings = {
				CODE_SIGN_STYLE = Automatic;
				CURRENT_PROJECT_VERSION = 1;
				DEVELOPMENT_TEAM = JR7SKSGWZH;
				GENERATE_INFOPLIST_FILE = YES;
				INFOPLIST_FILE = "iOS (Extension)/Info.plist";
				INFOPLIST_KEY_CFBundleDisplayName = "Quick JIRA Extension";
				INFOPLIST_KEY_NSHumanReadableCopyright = "";
				IPHONEOS_DEPLOYMENT_TARGET = 15.0;
				LD_RUNPATH_SEARCH_PATHS = (
					"$(inherited)",
					"@executable_path/Frameworks",
					"@executable_path/../../Frameworks",
				);
				MARKETING_VERSION = 1.1.0;
				OTHER_LDFLAGS = (
					"-framework",
					SafariServices,
				);
				PRODUCT_BUNDLE_IDENTIFIER = "de.dustplanet.Quick-JIRA.Extension";
				PRODUCT_NAME = "Quick JIRA Extension";
				SDKROOT = iphoneos;
				SKIP_INSTALL = YES;
				SWIFT_EMIT_LOC_STRINGS = YES;
				SWIFT_VERSION = 5.0;
				TARGETED_DEVICE_FAMILY = "1,2";
				VALIDATE_PRODUCT = YES;
			};
			name = Release;
		};
		19F93B552D3D9740009CB6B0 /* Debug */ = {
			isa = XCBuildConfiguration;
			buildSettings = {
				ASSETCATALOG_COMPILER_APPICON_NAME = AppIcon;
				ASSETCATALOG_COMPILER_GLOBAL_ACCENT_COLOR_NAME = AccentColor;
				CODE_SIGN_STYLE = Automatic;
				CURRENT_PROJECT_VERSION = 1;
				DEVELOPMENT_TEAM = JR7SKSGWZH;
				GENERATE_INFOPLIST_FILE = YES;
				INFOPLIST_FILE = "iOS (App)/Info.plist";
				INFOPLIST_KEY_CFBundleDisplayName = "Quick JIRA";
				INFOPLIST_KEY_LSApplicationCategoryType = "public.app-category.business";
				INFOPLIST_KEY_UIApplicationSupportsIndirectInputEvents = YES;
				INFOPLIST_KEY_UILaunchStoryboardName = LaunchScreen;
				INFOPLIST_KEY_UIMainStoryboardFile = Main;
				INFOPLIST_KEY_UISupportedInterfaceOrientations = "UIInterfaceOrientationPortrait UIInterfaceOrientationLandscapeLeft UIInterfaceOrientationLandscapeRight";
				INFOPLIST_KEY_UISupportedInterfaceOrientations_iPad = "UIInterfaceOrientationPortrait UIInterfaceOrientationPortraitUpsideDown UIInterfaceOrientationLandscapeLeft UIInterfaceOrientationLandscapeRight";
				IPHONEOS_DEPLOYMENT_TARGET = 15.0;
				LD_RUNPATH_SEARCH_PATHS = (
					"$(inherited)",
					"@executable_path/Frameworks",
				);
				MARKETING_VERSION = 1.1.0;
				OTHER_LDFLAGS = (
					"-framework",
					SafariServices,
					"-framework",
					WebKit,
				);
				PRODUCT_BUNDLE_IDENTIFIER = "de.dustplanet.Quick-JIRA";
				PRODUCT_NAME = "Quick JIRA";
				SDKROOT = iphoneos;
				SWIFT_EMIT_LOC_STRINGS = YES;
				SWIFT_VERSION = 5.0;
				TARGETED_DEVICE_FAMILY = "1,2";
			};
			name = Debug;
		};
		19F93B562D3D9740009CB6B0 /* Release */ = {
			isa = XCBuildConfiguration;
			buildSettings = {
				ASSETCATALOG_COMPILER_APPICON_NAME = AppIcon;
				ASSETCATALOG_COMPILER_GLOBAL_ACCENT_COLOR_NAME = AccentColor;
				CODE_SIGN_STYLE = Automatic;
				CURRENT_PROJECT_VERSION = 1;
				DEVELOPMENT_TEAM = JR7SKSGWZH;
				GENERATE_INFOPLIST_FILE = YES;
				INFOPLIST_FILE = "iOS (App)/Info.plist";
				INFOPLIST_KEY_CFBundleDisplayName = "Quick JIRA";
				INFOPLIST_KEY_LSApplicationCategoryType = "public.app-category.business";
				INFOPLIST_KEY_UIApplicationSupportsIndirectInputEvents = YES;
				INFOPLIST_KEY_UILaunchStoryboardName = LaunchScreen;
				INFOPLIST_KEY_UIMainStoryboardFile = Main;
				INFOPLIST_KEY_UISupportedInterfaceOrientations = "UIInterfaceOrientationPortrait UIInterfaceOrientationLandscapeLeft UIInterfaceOrientationLandscapeRight";
				INFOPLIST_KEY_UISupportedInterfaceOrientations_iPad = "UIInterfaceOrientationPortrait UIInterfaceOrientationPortraitUpsideDown UIInterfaceOrientationLandscapeLeft UIInterfaceOrientationLandscapeRight";
				IPHONEOS_DEPLOYMENT_TARGET = 15.0;
				LD_RUNPATH_SEARCH_PATHS = (
					"$(inherited)",
					"@executable_path/Frameworks",
				);
				MARKETING_VERSION = 1.1.0;
				OTHER_LDFLAGS = (
					"-framework",
					SafariServices,
					"-framework",
					WebKit,
				);
				PRODUCT_BUNDLE_IDENTIFIER = "de.dustplanet.Quick-JIRA";
				PRODUCT_NAME = "Quick JIRA";
				SDKROOT = iphoneos;
				SWIFT_EMIT_LOC_STRINGS = YES;
				SWIFT_VERSION = 5.0;
				TARGETED_DEVICE_FAMILY = "1,2";
				VALIDATE_PRODUCT = YES;
			};
			name = Release;
		};
		19F93B582D3D9740009CB6B0 /* Debug */ = {
			isa = XCBuildConfiguration;
			buildSettings = {
				CODE_SIGN_ENTITLEMENTS = "macOS (Extension)/Quick JIRA.entitlements";
				CODE_SIGN_STYLE = Automatic;
				CURRENT_PROJECT_VERSION = 1;
				DEVELOPMENT_TEAM = JR7SKSGWZH;
				ENABLE_HARDENED_RUNTIME = YES;
				GENERATE_INFOPLIST_FILE = YES;
				INFOPLIST_FILE = "macOS (Extension)/Info.plist";
				INFOPLIST_KEY_CFBundleDisplayName = "Quick JIRA Extension";
				INFOPLIST_KEY_NSHumanReadableCopyright = "";
				LD_RUNPATH_SEARCH_PATHS = (
					"$(inherited)",
					"@executable_path/../Frameworks",
					"@executable_path/../../../../Frameworks",
				);
				MACOSX_DEPLOYMENT_TARGET = 10.14;
				MARKETING_VERSION = 1.1.0;
				OTHER_LDFLAGS = (
					"-framework",
					SafariServices,
				);
				PRODUCT_BUNDLE_IDENTIFIER = "de.dustplanet.Quick-JIRA.Extension";
				PRODUCT_NAME = "Quick JIRA Extension";
				SDKROOT = macosx;
				SKIP_INSTALL = YES;
				SWIFT_EMIT_LOC_STRINGS = YES;
				SWIFT_VERSION = 5.0;
			};
			name = Debug;
		};
		19F93B592D3D9740009CB6B0 /* Release */ = {
			isa = XCBuildConfiguration;
			buildSettings = {
				CODE_SIGN_ENTITLEMENTS = "macOS (Extension)/Quick JIRA.entitlements";
				CODE_SIGN_STYLE = Automatic;
				CURRENT_PROJECT_VERSION = 1;
				DEVELOPMENT_TEAM = JR7SKSGWZH;
				ENABLE_HARDENED_RUNTIME = YES;
				GENERATE_INFOPLIST_FILE = YES;
				INFOPLIST_FILE = "macOS (Extension)/Info.plist";
				INFOPLIST_KEY_CFBundleDisplayName = "Quick JIRA Extension";
				INFOPLIST_KEY_NSHumanReadableCopyright = "";
				LD_RUNPATH_SEARCH_PATHS = (
					"$(inherited)",
					"@executable_path/../Frameworks",
					"@executable_path/../../../../Frameworks",
				);
				MACOSX_DEPLOYMENT_TARGET = 10.14;
				MARKETING_VERSION = 1.1.0;
				OTHER_LDFLAGS = (
					"-framework",
					SafariServices,
				);
				PRODUCT_BUNDLE_IDENTIFIER = "de.dustplanet.Quick-JIRA.Extension";
				PRODUCT_NAME = "Quick JIRA Extension";
				SDKROOT = macosx;
				SKIP_INSTALL = YES;
				SWIFT_EMIT_LOC_STRINGS = YES;
				SWIFT_VERSION = 5.0;
			};
			name = Release;
		};
		19F93B5C2D3D9740009CB6B0 /* Debug */ = {
			isa = XCBuildConfiguration;
			buildSettings = {
				ASSETCATALOG_COMPILER_APPICON_NAME = AppIcon;
				ASSETCATALOG_COMPILER_GLOBAL_ACCENT_COLOR_NAME = AccentColor;
				CODE_SIGN_ENTITLEMENTS = "macOS (App)/Quick JIRA.entitlements";
				CODE_SIGN_STYLE = Automatic;
				CURRENT_PROJECT_VERSION = 1;
				DEVELOPMENT_TEAM = JR7SKSGWZH;
				ENABLE_HARDENED_RUNTIME = YES;
				GENERATE_INFOPLIST_FILE = YES;
				INFOPLIST_FILE = "macOS (App)/Info.plist";
				INFOPLIST_KEY_CFBundleDisplayName = "Quick JIRA";
				INFOPLIST_KEY_LSApplicationCategoryType = "public.app-category.business";
				INFOPLIST_KEY_NSMainStoryboardFile = Main;
				INFOPLIST_KEY_NSPrincipalClass = NSApplication;
				LD_RUNPATH_SEARCH_PATHS = (
					"$(inherited)",
					"@executable_path/../Frameworks",
				);
				MACOSX_DEPLOYMENT_TARGET = 10.14;
				MARKETING_VERSION = 1.1.0;
				OTHER_LDFLAGS = (
					"-framework",
					SafariServices,
					"-framework",
					WebKit,
				);
				PRODUCT_BUNDLE_IDENTIFIER = "de.dustplanet.Quick-JIRA";
				PRODUCT_NAME = "Quick JIRA";
				SDKROOT = macosx;
				SWIFT_EMIT_LOC_STRINGS = YES;
				SWIFT_VERSION = 5.0;
			};
			name = Debug;
		};
		19F93B5D2D3D9740009CB6B0 /* Release */ = {
			isa = XCBuildConfiguration;
			buildSettings = {
				ASSETCATALOG_COMPILER_APPICON_NAME = AppIcon;
				ASSETCATALOG_COMPILER_GLOBAL_ACCENT_COLOR_NAME = AccentColor;
				CODE_SIGN_ENTITLEMENTS = "macOS (App)/Quick JIRA.entitlements";
				CODE_SIGN_STYLE = Automatic;
				CURRENT_PROJECT_VERSION = 1;
				DEVELOPMENT_TEAM = JR7SKSGWZH;
				ENABLE_HARDENED_RUNTIME = YES;
				GENERATE_INFOPLIST_FILE = YES;
				INFOPLIST_FILE = "macOS (App)/Info.plist";
				INFOPLIST_KEY_CFBundleDisplayName = "Quick JIRA";
				INFOPLIST_KEY_LSApplicationCategoryType = "public.app-category.business";
				INFOPLIST_KEY_NSMainStoryboardFile = Main;
				INFOPLIST_KEY_NSPrincipalClass = NSApplication;
				LD_RUNPATH_SEARCH_PATHS = (
					"$(inherited)",
					"@executable_path/../Frameworks",
				);
				MACOSX_DEPLOYMENT_TARGET = 10.14;
				MARKETING_VERSION = 1.1.0;
				OTHER_LDFLAGS = (
					"-framework",
					SafariServices,
					"-framework",
					WebKit,
				);
				PRODUCT_BUNDLE_IDENTIFIER = "de.dustplanet.Quick-JIRA";
				PRODUCT_NAME = "Quick JIRA";
				SDKROOT = macosx;
				SWIFT_EMIT_LOC_STRINGS = YES;
				SWIFT_VERSION = 5.0;
			};
			name = Release;
		};
/* End XCBuildConfiguration section */

/* Begin XCConfigurationList section */
		19F93B002D3D973D009CB6B0 /* Build configuration list for PBXProject "Quick JIRA" */ = {
			isa = XCConfigurationList;
			buildConfigurations = (
				19F93B4E2D3D9740009CB6B0 /* Debug */,
				19F93B4F2D3D9740009CB6B0 /* Release */,
			);
			defaultConfigurationIsVisible = 0;
			defaultConfigurationName = Release;
		};
		19F93B502D3D9740009CB6B0 /* Build configuration list for PBXNativeTarget "Quick JIRA Extension (iOS)" */ = {
			isa = XCConfigurationList;
			buildConfigurations = (
				19F93B512D3D9740009CB6B0 /* Debug */,
				19F93B522D3D9740009CB6B0 /* Release */,
			);
			defaultConfigurationIsVisible = 0;
			defaultConfigurationName = Release;
		};
		19F93B542D3D9740009CB6B0 /* Build configuration list for PBXNativeTarget "Quick JIRA (iOS)" */ = {
			isa = XCConfigurationList;
			buildConfigurations = (
				19F93B552D3D9740009CB6B0 /* Debug */,
				19F93B562D3D9740009CB6B0 /* Release */,
			);
			defaultConfigurationIsVisible = 0;
			defaultConfigurationName = Release;
		};
		19F93B572D3D9740009CB6B0 /* Build configuration list for PBXNativeTarget "Quick JIRA Extension (macOS)" */ = {
			isa = XCConfigurationList;
			buildConfigurations = (
				19F93B582D3D9740009CB6B0 /* Debug */,
				19F93B592D3D9740009CB6B0 /* Release */,
			);
			defaultConfigurationIsVisible = 0;
			defaultConfigurationName = Release;
		};
		19F93B5B2D3D9740009CB6B0 /* Build configuration list for PBXNativeTarget "Quick JIRA (macOS)" */ = {
			isa = XCConfigurationList;
			buildConfigurations = (
				19F93B5C2D3D9740009CB6B0 /* Debug */,
				19F93B5D2D3D9740009CB6B0 /* Release */,
			);
			defaultConfigurationIsVisible = 0;
			defaultConfigurationName = Release;
		};
/* End XCConfigurationList section */
	};
	rootObject = 19F93AFD2D3D973D009CB6B0 /* Project object */;
}
